
Microsoft Visual Studio Solution File, Format Version 12.00
# Visual Studio 2013
VisualStudioVersion = 12.0.30723.0
MinimumVisualStudioVersion = 10.0.40219.1
Project("{FAE04EC0-301F-11D3-BF4B-00C04F79EFBC}") = "Antelope", "Antelope\Antelope.csproj", "{D430B983-8158-4845-AFE3-2326DE4D3046}"
EndProject
Project("{FAE04EC0-301F-11D3-BF4B-00C04F79EFBC}") = "Antelope.Data", "Antelope.Data\Antelope.Data.csproj", "{F502767A-5155-447F-A490-B8241B9370C6}"
EndProject
Project("{FAE04EC0-301F-11D3-BF4B-00C04F79EFBC}") = "Antelope.Remoter", "Antelope.Remoter\Antelope.Remoter.csproj", "{39F83D6F-55D7-47B2-A58F-DADF18FC3ABE}"
EndProject
Project("{FAE04EC0-301F-11D3-BF4B-00C04F79EFBC}") = "Antelope.Notifier", "Antelope.Notifier\Antelope.Notifier.csproj", "{899E5330-4E38-4324-9D2C-BC92910EEC28}"
EndProject
Project("{FAE04EC0-301F-11D3-BF4B-00C04F79EFBC}") = "Antelope.Tests", "Antelope.Tests\Antelope.Tests.csproj", "{F729F170-D37A-4AED-9D9D-9CCD39F4B3F9}"
EndProject
Project("{FAE04EC0-301F-11D3-BF4B-00C04F79EFBC}") = "Antelope.Configurator", "Antelope.Configurator\Antelope.Configurator.csproj", "{51F7A80F-842A-47FB-9F9F-9F208DE2CD81}"
EndProject
Project("{FAE04EC0-301F-11D3-BF4B-00C04F79EFBC}") = "Antelope.Web", "Antelope.Web\Antelope.Web.csproj", "{6D2065F0-BB8E-49FB-B123-7714DAC6AFDB}"
EndProject
Global
	GlobalSection(SolutionConfigurationPlatforms) = preSolution
		Debug|Any CPU = Debug|Any CPU
		Release|Any CPU = Release|Any CPU
	EndGlobalSection
	GlobalSection(ProjectConfigurationPlatforms) = postSolution
		{D430B983-8158-4845-AFE3-2326DE4D3046}.Debug|Any CPU.ActiveCfg = Debug|Any CPU
		{D430B983-8158-4845-AFE3-2326DE4D3046}.Debug|Any CPU.Build.0 = Debug|Any CPU
		{D430B983-8158-4845-AFE3-2326DE4D3046}.Release|Any CPU.ActiveCfg = Release|Any CPU
		{D430B983-8158-4845-AFE3-2326DE4D3046}.Release|Any CPU.Build.0 = Release|Any CPU
		{F502767A-5155-447F-A490-B8241B9370C6}.Debug|Any CPU.ActiveCfg = Debug|Any CPU
		{F502767A-5155-447F-A490-B8241B9370C6}.Debug|Any CPU.Build.0 = Debug|Any CPU
		{F502767A-5155-447F-A490-B8241B9370C6}.Release|Any CPU.ActiveCfg = Release|Any CPU
		{F502767A-5155-447F-A490-B8241B9370C6}.Release|Any CPU.Build.0 = Release|Any CPU
		{39F83D6F-55D7-47B2-A58F-DADF18FC3ABE}.Debug|Any CPU.ActiveCfg = Debug|Any CPU
		{39F83D6F-55D7-47B2-A58F-DADF18FC3ABE}.Debug|Any CPU.Build.0 = Debug|Any CPU
		{39F83D6F-55D7-47B2-A58F-DADF18FC3ABE}.Release|Any CPU.ActiveCfg = Release|Any CPU
		{39F83D6F-55D7-47B2-A58F-DADF18FC3ABE}.Release|Any CPU.Build.0 = Release|Any CPU
		{899E5330-4E38-4324-9D2C-BC92910EEC28}.Debug|Any CPU.ActiveCfg = Debug|Any CPU
		{899E5330-4E38-4324-9D2C-BC92910EEC28}.Debug|Any CPU.Build.0 = Debug|Any CPU
		{899E5330-4E38-4324-9D2C-BC92910EEC28}.Release|Any CPU.ActiveCfg = Release|Any CPU
		{899E5330-4E38-4324-9D2C-BC92910EEC28}.Release|Any CPU.Build.0 = Release|Any CPU
		{F729F170-D37A-4AED-9D9D-9CCD39F4B3F9}.Debug|Any CPU.ActiveCfg = Debug|Any CPU
		{F729F170-D37A-4AED-9D9D-9CCD39F4B3F9}.Debug|Any CPU.Build.0 = Debug|Any CPU
		{F729F170-D37A-4AED-9D9D-9CCD39F4B3F9}.Release|Any CPU.ActiveCfg = Release|Any CPU
		{F729F170-D37A-4AED-9D9D-9CCD39F4B3F9}.Release|Any CPU.Build.0 = Release|Any CPU
		{51F7A80F-842A-47FB-9F9F-9F208DE2CD81}.Debug|Any CPU.ActiveCfg = Debug|Any CPU
		{51F7A80F-842A-47FB-9F9F-9F208DE2CD81}.Debug|Any CPU.Build.0 = Debug|Any CPU
		{51F7A80F-842A-47FB-9F9F-9F208DE2CD81}.Release|Any CPU.ActiveCfg = Release|Any CPU
		{51F7A80F-842A-47FB-9F9F-9F208DE2CD81}.Release|Any CPU.Build.0 = Release|Any CPU
		{6D2065F0-BB8E-49FB-B123-7714DAC6AFDB}.Debug|Any CPU.ActiveCfg = Debug|Any CPU
		{6D2065F0-BB8E-49FB-B123-7714DAC6AFDB}.Debug|Any CPU.Build.0 = Debug|Any CPU
		{6D2065F0-BB8E-49FB-B123-7714DAC6AFDB}.Release|Any CPU.ActiveCfg = Release|Any CPU
		{6D2065F0-BB8E-49FB-B123-7714DAC6AFDB}.Release|Any CPU.Build.0 = Release|Any CPU
	EndGlobalSection
	GlobalSection(SolutionProperties) = preSolution
		HideSolutionNode = FALSE
	EndGlobalSection
EndGlobal
